// !$*UTF8*$!
{
	archiveVersion = 1;
	classes = {
	};
	objectVersion = 46;
	objects = {

/* Begin PBXBuildFile section */
		1D9336F11A8E3DFA00BA4FA7 /* main.m in Sources */ = {isa = PBXBuildFile; fileRef = 1D9336F01A8E3DFA00BA4FA7 /* main.m */; };
		1D9336F41A8E3DFA00BA4FA7 /* AppDelegate.m in Sources */ = {isa = PBXBuildFile; fileRef = 1D9336F31A8E3DFA00BA4FA7 /* AppDelegate.m */; };
		1D9336FF1A8E3DFA00BA4FA7 /* Images.xcassets in Resources */ = {isa = PBXBuildFile; fileRef = 1D9336FE1A8E3DFA00BA4FA7 /* Images.xcassets */; };
		1D9337021A8E3DFA00BA4FA7 /* LaunchScreen.xib in Resources */ = {isa = PBXBuildFile; fileRef = 1D9337001A8E3DFA00BA4FA7 /* LaunchScreen.xib */; };
		1D93370E1A8E3DFA00BA4FA7 /* MoreMeatPlantTests.m in Sources */ = {isa = PBXBuildFile; fileRef = 1D93370D1A8E3DFA00BA4FA7 /* MoreMeatPlantTests.m */; };
/* End PBXBuildFile section */

/* Begin PBXContainerItemProxy section */
		1D9337081A8E3DFA00BA4FA7 /* PBXContainerItemProxy */ = {
			isa = PBXContainerItemProxy;
			containerPortal = 1D9336E31A8E3DFA00BA4FA7 /* Project object */;
			proxyType = 1;
			remoteGlobalIDString = 1D9336EA1A8E3DFA00BA4FA7;
			remoteInfo = MoreMeatPlant;
		};
/* End PBXContainerItemProxy section */

/* Begin PBXFileReference section */
		1D9336EB1A8E3DFA00BA4FA7 /* MoreMeatPlant.app */ = {isa = PBXFileReference; explicitFileType = wrapper.application; includeInIndex = 0; path = MoreMeatPlant.app; sourceTree = BUILT_PRODUCTS_DIR; };
		1D9336EF1A8E3DFA00BA4FA7 /* Info.plist */ = {isa = PBXFileReference; lastKnownFileType = text.plist.xml; path = Info.plist; sourceTree = "<group>"; };
		1D9336F01A8E3DFA00BA4FA7 /* main.m */ = {isa = PBXFileReference; lastKnownFileType = sourcecode.c.objc; path = main.m; sourceTree = "<group>"; };
		1D9336F21A8E3DFA00BA4FA7 /* AppDelegate.h */ = {isa = PBXFileReference; lastKnownFileType = sourcecode.c.h; path = AppDelegate.h; sourceTree = "<group>"; };
		1D9336F31A8E3DFA00BA4FA7 /* AppDelegate.m */ = {isa = PBXFileReference; lastKnownFileType = sourcecode.c.objc; path = AppDelegate.m; sourceTree = "<group>"; };
		1D9336FE1A8E3DFA00BA4FA7 /* Images.xcassets */ = {isa = PBXFileReference; lastKnownFileType = folder.assetcatalog; path = Images.xcassets; sourceTree = "<group>"; };
		1D9337011A8E3DFA00BA4FA7 /* Base */ = {isa = PBXFileReference; lastKnownFileType = file.xib; name = Base; path = Base.lproj/LaunchScreen.xib; sourceTree = "<group>"; };
		1D9337071A8E3DFA00BA4FA7 /* MoreMeatPlantTests.xctest */ = {isa = PBXFileReference; explicitFileType = wrapper.cfbundle; includeInIndex = 0; path = MoreMeatPlantTests.xctest; sourceTree = BUILT_PRODUCTS_DIR; };
		1D93370C1A8E3DFA00BA4FA7 /* Info.plist */ = {isa = PBXFileReference; lastKnownFileType = text.plist.xml; path = Info.plist; sourceTree = "<group>"; };
		1D93370D1A8E3DFA00BA4FA7 /* MoreMeatPlantTests.m */ = {isa = PBXFileReference; lastKnownFileType = sourcecode.c.objc; path = MoreMeatPlantTests.m; sourceTree = "<group>"; };
/* End PBXFileReference section */

/* Begin PBXFrameworksBuildPhase section */
		1D9336E81A8E3DFA00BA4FA7 /* Frameworks */ = {
			isa = PBXFrameworksBuildPhase;
			buildActionMask = 2147483647;
			files = (
			);
			runOnlyForDeploymentPostprocessing = 0;
		};
		1D9337041A8E3DFA00BA4FA7 /* Frameworks */ = {
			isa = PBXFrameworksBuildPhase;
			buildActionMask = 2147483647;
			files = (
			);
			runOnlyForDeploymentPostprocessing = 0;
		};
/* End PBXFrameworksBuildPhase section */

/* Begin PBXGroup section */
		1D9336E21A8E3DFA00BA4FA7 = {
			isa = PBXGroup;
			children = (
				1D9336ED1A8E3DFA00BA4FA7 /* MoreMeatPlant */,
				1D93370A1A8E3DFA00BA4FA7 /* MoreMeatPlantTests */,
				1D9336EC1A8E3DFA00BA4FA7 /* Products */,
			);
			sourceTree = "<group>";
		};
		1D9336EC1A8E3DFA00BA4FA7 /* Products */ = {
			isa = PBXGroup;
			children = (
				1D9336EB1A8E3DFA00BA4FA7 /* MoreMeatPlant.app */,
				1D9337071A8E3DFA00BA4FA7 /* MoreMeatPlantTests.xctest */,
			);
			name = Products;
			sourceTree = "<group>";
		};
		1D9336ED1A8E3DFA00BA4FA7 /* MoreMeatPlant */ = {
			isa = PBXGroup;
			children = (
				1D9336F21A8E3DFA00BA4FA7 /* AppDelegate.h */,
				1D9336F31A8E3DFA00BA4FA7 /* AppDelegate.m */,
				1D9336FE1A8E3DFA00BA4FA7 /* Images.xcassets */,
				1D9337001A8E3DFA00BA4FA7 /* LaunchScreen.xib */,
				1D9336EE1A8E3DFA00BA4FA7 /* Supporting Files */,
			);
			path = MoreMeatPlant;
			sourceTree = "<group>";
		};
		1D9336EE1A8E3DFA00BA4FA7 /* Supporting Files */ = {
			isa = PBXGroup;
			children = (
				1D9336EF1A8E3DFA00BA4FA7 /* Info.plist */,
				1D9336F01A8E3DFA00BA4FA7 /* main.m */,
			);
			name = "Supporting Files";
			sourceTree = "<group>";
		};
		1D93370A1A8E3DFA00BA4FA7 /* MoreMeatPlantTests */ = {
			isa = PBXGroup;
			children = (
				1D93370D1A8E3DFA00BA4FA7 /* MoreMeatPlantTests.m */,
				1D93370B1A8E3DFA00BA4FA7 /* Supporting Files */,
			);
			path = MoreMeatPlantTests;
			sourceTree = "<group>";
		};
		1D93370B1A8E3DFA00BA4FA7 /* Supporting Files */ = {
			isa = PBXGroup;
			children = (
				1D93370C1A8E3DFA00BA4FA7 /* Info.plist */,
			);
			name = "Supporting Files";
			sourceTree = "<group>";
		};
/* End PBXGroup section */

/* Begin PBXNativeTarget section */
		1D9336EA1A8E3DFA00BA4FA7 /* MoreMeatPlant */ = {
			isa = PBXNativeTarget;
			buildConfigurationList = 1D9337111A8E3DFA00BA4FA7 /* Build configuration list for PBXNativeTarget "MoreMeatPlant" */;
			buildPhases = (
				1D9336E71A8E3DFA00BA4FA7 /* Sources */,
				1D9336E81A8E3DFA00BA4FA7 /* Frameworks */,
				1D9336E91A8E3DFA00BA4FA7 /* Resources */,
			);
			buildRules = (
			);
			dependencies = (
			);
			name = MoreMeatPlant;
			productName = MoreMeatPlant;
			productReference = 1D9336EB1A8E3DFA00BA4FA7 /* MoreMeatPlant.app */;
			productType = "com.apple.product-type.application";
		};
		1D9337061A8E3DFA00BA4FA7 /* MoreMeatPlantTests */ = {
			isa = PBXNativeTarget;
			buildConfigurationList = 1D9337141A8E3DFA00BA4FA7 /* Build configuration list for PBXNativeTarget "MoreMeatPlantTests" */;
			buildPhases = (
				1D9337031A8E3DFA00BA4FA7 /* Sources */,
				1D9337041A8E3DFA00BA4FA7 /* Frameworks */,
				1D9337051A8E3DFA00BA4FA7 /* Resources */,
			);
			buildRules = (
			);
			dependencies = (
				1D9337091A8E3DFA00BA4FA7 /* PBXTargetDependency */,
			);
			name = MoreMeatPlantTests;
			productName = MoreMeatPlantTests;
			productReference = 1D9337071A8E3DFA00BA4FA7 /* MoreMeatPlantTests.xctest */;
			productType = "com.apple.product-type.bundle.unit-test";
		};
/* End PBXNativeTarget section */

/* Begin PBXProject section */
		1D9336E31A8E3DFA00BA4FA7 /* Project object */ = {
			isa = PBXProject;
			attributes = {
				LastUpgradeCheck = 0610;
				ORGANIZATIONNAME = runmobile;
				TargetAttributes = {
					1D9336EA1A8E3DFA00BA4FA7 = {
						CreatedOnToolsVersion = 6.1.1;
					};
					1D9337061A8E3DFA00BA4FA7 = {
						CreatedOnToolsVersion = 6.1.1;
						TestTargetID = 1D9336EA1A8E3DFA00BA4FA7;
					};
				};
			};
			buildConfigurationList = 1D9336E61A8E3DFA00BA4FA7 /* Build configuration list for PBXProject "MoreMeatPlant" */;
			compatibilityVersion = "Xcode 3.2";
			developmentRegion = English;
			hasScannedForEncodings = 0;
			knownRegions = (
				en,
				Base,
			);
			mainGroup = 1D9336E21A8E3DFA00BA4FA7;
			productRefGroup = 1D9336EC1A8E3DFA00BA4FA7 /* Products */;
			projectDirPath = "";
			projectRoot = "";
			targets = (
				1D9336EA1A8E3DFA00BA4FA7 /* MoreMeatPlant */,
				1D9337061A8E3DFA00BA4FA7 /* MoreMeatPlantTests */,
			);
		};
/* End PBXProject section */

/* Begin PBXResourcesBuildPhase section */
		1D9336E91A8E3DFA00BA4FA7 /* Resources */ = {
			isa = PBXResourcesBuildPhase;
			buildActionMask = 2147483647;
			files = (
				1D9337021A8E3DFA00BA4FA7 /* LaunchScreen.xib in Resources */,
				1D9336FF1A8E3DFA00BA4FA7 /* Images.xcassets in Resources */,
			);
			runOnlyForDeploymentPostprocessing = 0;
		};
		1D9337051A8E3DFA00BA4FA7 /* Resources */ = {
			isa = PBXResourcesBuildPhase;
			buildActionMask = 2147483647;
			files = (
			);
			runOnlyForDeploymentPostprocessing = 0;
		};
/* End PBXResourcesBuildPhase section */

/* Begin PBXSourcesBuildPhase section */
		1D9336E71A8E3DFA00BA4FA7 /* Sources */ = {
			isa = PBXSourcesBuildPhase;
			buildActionMask = 2147483647;
			files = (
				1D9336F41A8E3DFA00BA4FA7 /* AppDelegate.m in Sources */,
				1D9336F11A8E3DFA00BA4FA7 /* main.m in Sources */,
			);
			runOnlyForDeploymentPostprocessing = 0;
		};
		1D9337031A8E3DFA00BA4FA7 /* Sources */ = {
			isa = PBXSourcesBuildPhase;
			buildActionMask = 2147483647;
			files = (
				1D93370E1A8E3DFA00BA4FA7 /* MoreMeatPlantTests.m in Sources */,
			);
			runOnlyForDeploymentPostprocessing = 0;
		};
/* End PBXSourcesBuildPhase section */

/* Begin PBXTargetDependency section */
		1D9337091A8E3DFA00BA4FA7 /* PBXTargetDependency */ = {
			isa = PBXTargetDependency;
			target = 1D9336EA1A8E3DFA00BA4FA7 /* MoreMeatPlant */;
			targetProxy = 1D9337081A8E3DFA00BA4FA7 /* PBXContainerItemProxy */;
		};
/* End PBXTargetDependency section */

/* Begin PBXVariantGroup section */
		1D9337001A8E3DFA00BA4FA7 /* LaunchScreen.xib */ = {
			isa = PBXVariantGroup;
			children = (
				1D9337011A8E3DFA00BA4FA7 /* Base */,
			);
			name = LaunchScreen.xib;
			sourceTree = "<group>";
		};
/* End PBXVariantGroup section */

/* Begin XCBuildConfiguration section */
		1D93370F1A8E3DFA00BA4FA7 /* Debug */ = {
			isa = XCBuildConfiguration;
			buildSettings = {
				ALWAYS_SEARCH_USER_PATHS = NO;
				CLANG_CXX_LANGUAGE_STANDARD = "gnu++0x";
				CLANG_CXX_LIBRARY = "libc++";
				CLANG_ENABLE_MODULES = YES;
				CLANG_ENABLE_OBJC_ARC = YES;
				CLANG_WARN_BOOL_CONVERSION = YES;
				CLANG_WARN_CONSTANT_CONVERSION = YES;
				CLANG_WARN_DIRECT_OBJC_ISA_USAGE = YES_ERROR;
				CLANG_WARN_EMPTY_BODY = YES;
				CLANG_WARN_ENUM_CONVERSION = YES;
				CLANG_WARN_INT_CONVERSION = YES;
				CLANG_WARN_OBJC_ROOT_CLASS = YES_ERROR;
				CLANG_WARN_UNREACHABLE_CODE = YES;
				CLANG_WARN__DUPLICATE_METHOD_MATCH = YES;
				"CODE_SIGN_IDENTITY[sdk=iphoneos*]" = "iPhone Developer";
				COPY_PHASE_STRIP = NO;
				ENABLE_STRICT_OBJC_MSGSEND = YES;
				GCC_C_LANGUAGE_STANDARD = gnu99;
				GCC_DYNAMIC_NO_PIC = NO;
				GCC_OPTIMIZATION_LEVEL = 0;
				GCC_PREPROCESSOR_DEFINITIONS = (
					"DEBUG=1",
					"$(inherited)",
				);
				GCC_SYMBOLS_PRIVATE_EXTERN = NO;
				GCC_WARN_64_TO_32_BIT_CONVERSION = YES;
				GCC_WARN_ABOUT_RETURN_TYPE = YES_ERROR;
				GCC_WARN_UNDECLARED_SELECTOR = YES;
				GCC_WARN_UNINITIALIZED_AUTOS = YES_AGGRESSIVE;
				GCC_WARN_UNUSED_FUNCTION = YES;
				GCC_WARN_UNUSED_VARIABLE = YES;
				IPHONEOS_DEPLOYMENT_TARGET = 8.1;
				MTL_ENABLE_DEBUG_INFO = YES;
				ONLY_ACTIVE_ARCH = YES;
				SDKROOT = iphoneos;
			};
			name = Debug;
		};
		1D9337101A8E3DFA00BA4FA7 /* Release */ = {
			isa = XCBuildConfiguration;
			buildSettings = {
				ALWAYS_SEARCH_USER_PATHS = NO;
				CLANG_CXX_LANGUAGE_STANDARD = "gnu++0x";
				CLANG_CXX_LIBRARY = "libc++";
				CLANG_ENABLE_MODULES = YES;
				CLANG_ENABLE_OBJC_ARC = YES;
				CLANG_WARN_BOOL_CONVERSION = YES;
				CLANG_WARN_CONSTANT_CONVERSION = YES;
				CLANG_WARN_DIRECT_OBJC_ISA_USAGE = YES_ERROR;
				CLANG_WARN_EMPTY_BODY = YES;
				CLANG_WARN_ENUM_CONVERSION = YES;
				CLANG_WARN_INT_CONVERSION = YES;
				CLANG_WARN_OBJC_ROOT_CLASS = YES_ERROR;
				CLANG_WARN_UNREACHABLE_CODE = YES;
				CLANG_WARN__DUPLICATE_METHOD_MATCH = YES;
				"CODE_SIGN_IDENTITY[sdk=iphoneos*]" = "iPhone Developer";
				COPY_PHASE_STRIP = YES;
				ENABLE_NS_ASSERTIONS = NO;
				ENABLE_STRICT_OBJC_MSGSEND = YES;
				GCC_C_LANGUAGE_STANDARD = gnu99;
				GCC_WARN_64_TO_32_BIT_CONVERSION = YES;
				GCC_WARN_ABOUT_RETURN_TYPE = YES_ERROR;
				GCC_WARN_UNDECLARED_SELECTOR = YES;
				GCC_WARN_UNINITIALIZED_AUTOS = YES_AGGRESSIVE;
				GCC_WARN_UNUSED_FUNCTION = YES;
				GCC_WARN_UNUSED_VARIABLE = YES;
				IPHONEOS_DEPLOYMENT_TARGET = 8.1;
				MTL_ENABLE_DEBUG_INFO = NO;
				SDKROOT = iphoneos;
				VALIDATE_PRODUCT = YES;
			};
			name = Release;
		};
		1D9337121A8E3DFA00BA4FA7 /* Debug */ = {
			isa = XCBuildConfiguration;
			buildSettings = {
				ASSETCATALOG_COMPILER_APPICON_NAME = AppIcon;
				INFOPLIST_FILE = MoreMeatPlant/Info.plist;
				LD_RUNPATH_SEARCH_PATHS = "$(inherited) @executable_path/Frameworks";
				PRODUCT_NAME = "$(TARGET_NAME)";
			};
			name = Debug;
		};
		1D9337131A8E3DFA00BA4FA7 /* Release */ = {
			isa = XCBuildConfiguration;
			buildSettings = {
				ASSETCATALOG_COMPILER_APPICON_NAME = AppIcon;
				INFOPLIST_FILE = MoreMeatPlant/Info.plist;
				LD_RUNPATH_SEARCH_PATHS = "$(inherited) @executable_path/Frameworks";
				PRODUCT_NAME = "$(TARGET_NAME)";
			};
			name = Release;
		};
		1D9337151A8E3DFA00BA4FA7 /* Debug */ = {
			isa = XCBuildConfiguration;
			buildSettings = {
				BUNDLE_LOADER = "$(TEST_HOST)";
				FRAMEWORK_SEARCH_PATHS = (
					"$(SDKROOT)/Developer/Library/Frameworks",
					"$(inherited)",
				);
				GCC_PREPROCESSOR_DEFINITIONS = (
					"DEBUG=1",
					"$(inherited)",
				);
				INFOPLIST_FILE = MoreMeatPlantTests/Info.plist;
				LD_RUNPATH_SEARCH_PATHS = "$(inherited) @executable_path/Frameworks @loader_path/Frameworks";
				PRODUCT_NAME = "$(TARGET_NAME)";
				TEST_HOST = "$(BUILT_PRODUCTS_DIR)/MoreMeatPlant.app/MoreMeatPlant";
			};
			name = Debug;
		};
		1D9337161A8E3DFA00BA4FA7 /* Release */ = {
			isa = XCBuildConfiguration;
			buildSettings = {
				BUNDLE_LOADER = "$(TEST_HOST)";
				FRAMEWORK_SEARCH_PATHS = (
					"$(SDKROOT)/Developer/Library/Frameworks",
					"$(inherited)",
				);
				INFOPLIST_FILE = MoreMeatPlantTests/Info.plist;
				LD_RUNPATH_SEARCH_PATHS = "$(inherited) @executable_path/Frameworks @loader_path/Frameworks";
				PRODUCT_NAME = "$(TARGET_NAME)";
				TEST_HOST = "$(BUILT_PRODUCTS_DIR)/MoreMeatPlant.app/MoreMeatPlant";
			};
			name = Release;
		};
/* End XCBuildConfiguration section */

/* Begin XCConfigurationList section */
		1D9336E61A8E3DFA00BA4FA7 /* Build configuration list for PBXProject "MoreMeatPlant" */ = {
			isa = XCConfigurationList;
			buildConfigurations = (
				1D93370F1A8E3DFA00BA4FA7 /* Debug */,
				1D9337101A8E3DFA00BA4FA7 /* Release */,
			);
			defaultConfigurationIsVisible = 0;
			defaultConfigurationName = Release;
		};
		1D9337111A8E3DFA00BA4FA7 /* Build configuration list for PBXNativeTarget "MoreMeatPlant" */ = {
			isa = XCConfigurationList;
			buildConfigurations = (
				1D9337121A8E3DFA00BA4FA7 /* Debug */,
				1D9337131A8E3DFA00BA4FA7 /* Release */,
			);
			defaultConfigurationIsVisible = 0;
		};
		1D9337141A8E3DFA00BA4FA7 /* Build configuration list for PBXNativeTarget "MoreMeatPlantTests" */ = {
			isa = XCConfigurationList;
			buildConfigurations = (
				1D9337151A8E3DFA00BA4FA7 /* Debug */,
				1D9337161A8E3DFA00BA4FA7 /* Release */,
			);
			defaultConfigurationIsVisible = 0;
		};
/* End XCConfigurationList section */
	};
	rootObject = 1D9336E31A8E3DFA00BA4FA7 /* Project object */;
}
